
Microsoft Visual Studio Solution File, Format Version 12.00
# Visual Studio 15
VisualStudioVersion = 15.0.27428.2002
MinimumVisualStudioVersion = 10.0.40219.1
Project("{FAE04EC0-301F-11D3-BF4B-00C04F79EFBC}") = "MathLibrary", "MathLibrary\MathLibrary.csproj", "{F38B6C29-333B-4F94-9C7D-42016773E713}"
EndProject
Project("{FAE04EC0-301F-11D3-BF4B-00C04F79EFBC}") = "Server", "Server\Server.csproj", "{70D844FE-359B-4104-9C52-CBEDFC5A200F}"
EndProject
Global
	GlobalSection(SolutionConfigurationPlatforms) = preSolution
		Debug|Any CPU = Debug|Any CPU
		Release|Any CPU = Release|Any CPU
	EndGlobalSection
	GlobalSection(ProjectConfigurationPlatforms) = postSolution
		{F38B6C29-333B-4F94-9C7D-42016773E713}.Debug|Any CPU.ActiveCfg = Debug|Any CPU
		{F38B6C29-333B-4F94-9C7D-42016773E713}.Debug|Any CPU.Build.0 = Debug|Any CPU
		{F38B6C29-333B-4F94-9C7D-42016773E713}.Release|Any CPU.ActiveCfg = Release|Any CPU
		{F38B6C29-333B-4F94-9C7D-42016773E713}.Release|Any CPU.Build.0 = Release|Any CPU
		{70D844FE-359B-4104-9C52-CBEDFC5A200F}.Debug|Any CPU.ActiveCfg = Debug|Any CPU
		{70D844FE-359B-4104-9C52-CBEDFC5A200F}.Debug|Any CPU.Build.0 = Debug|Any CPU
		{70D844FE-359B-4104-9C52-CBEDFC5A200F}.Release|Any CPU.ActiveCfg = Release|Any CPU
		{70D844FE-359B-4104-9C52-CBEDFC5A200F}.Release|Any CPU.Build.0 = Release|Any CPU
	EndGlobalSection
	GlobalSection(SolutionProperties) = preSolution
		HideSolutionNode = FALSE
	EndGlobalSection
	GlobalSection(ExtensibilityGlobals) = postSolution
		SolutionGuid = {A24EA78D-EBD1-41B7-B3CB-519C2701FC47}
	EndGlobalSection
EndGlobal
